{
  "name": "snabbdom-jsx",
  "version": "0.3.2",
  "lockfileVersion": 1,
  "dependencies": {
    "snabbdom": {
      "version": "0.7.0",
      "resolved": "https://registry.npmjs.org/snabbdom/-/snabbdom-0.7.0.tgz",
      "integrity": "sha512-LCg6lH9p2OD5n52SI4LlpYmDW2bscxsyN7rhnGJB/R3LQy/FdJfqNBM5aVST+zOfM4OdKFl8pxVUhjGsPtQA1w=="
    }
  }
}
